
Microsoft Visual Studio Solution File, Format Version 12.00
# Visual Studio Version 17
VisualStudioVersion = 17.3.32929.385
MinimumVisualStudioVersion = 10.0.40219.1
Project("{8BC9CEB8-8B4A-11D0-8D11-00A0C91BC942}") = "01_IntoToOOP", "01_IntoToOOP\01_IntoToOOP.vcxproj", "{EB240092-47DD-44EC-A696-EE6A89A1F767}"
EndProject
Project("{8BC9CEB8-8B4A-11D0-8D11-00A0C91BC942}") = "02_Rectangle_Homework", "02_Rectangle_Homework\02_Rectangle_Homework.vcxproj", "{81399453-1A5D-41EE-8E4E-49263175218A}"
EndProject
Project("{8BC9CEB8-8B4A-11D0-8D11-00A0C91BC942}") = "02_InitializationDelegation", "02_InitializationDelegation\02_InitializationDelegation.vcxproj", "{EBACC612-E497-4B88-9142-6ABB8570BA45}"
EndProject
Project("{8BC9CEB8-8B4A-11D0-8D11-00A0C91BC942}") = "03_ConstExplicit", "03_ConstExplicit\03_ConstExplicit.vcxproj", "{609D69AE-C7C0-4195-BB38-825AA1B5885A}"
EndProject
Project("{8BC9CEB8-8B4A-11D0-8D11-00A0C91BC942}") = "04_OverloadOperators", "04_OverloadOperators\04_OverloadOperators.vcxproj", "{DECF5776-2B35-4864-B364-F1ED8D3D68F7}"
EndProject
Project("{8BC9CEB8-8B4A-11D0-8D11-00A0C91BC942}") = "05_Train", "05_Train\05_Train.vcxproj", "{E64E605C-17D5-4C23-8CF0-F2CFF5B7FED9}"
EndProject
Project("{8BC9CEB8-8B4A-11D0-8D11-00A0C91BC942}") = "06_OverloadTypeOperators", "06_OverloadTypeOperators\06_OverloadTypeOperators.vcxproj", "{E76F1DCE-7044-40AD-B32C-9301148CA258}"
EndProject
Project("{8BC9CEB8-8B4A-11D0-8D11-00A0C91BC942}") = "07_TemplateClass", "07_TemplateClass\07_TemplateClass.vcxproj", "{20007D6A-65ED-4ED1-B6A0-9E62A7EC73F9}"
EndProject
Project("{8BC9CEB8-8B4A-11D0-8D11-00A0C91BC942}") = "08_Library", "08_Library\08_Library.vcxproj", "{E9A45435-5C4F-4630-8C91-EDA3A07D5C8F}"
EndProject
Project("{8BC9CEB8-8B4A-11D0-8D11-00A0C91BC942}") = "09_InitializerList", "09_InitializerList\09_InitializerList.vcxproj", "{451AB02F-E656-4454-9778-5B9BAA650EDE}"
EndProject
Project("{8BC9CEB8-8B4A-11D0-8D11-00A0C91BC942}") = "10_Stack", "10_Stack\10_Stack.vcxproj", "{D2B9D9D8-CAB8-4F78-B6DF-6B477F9F0101}"
EndProject
Project("{8BC9CEB8-8B4A-11D0-8D11-00A0C91BC942}") = "11_Queue", "11_Queue\11_Queue.vcxproj", "{75407366-8D2F-4B20-A5BD-ABCD1CBEC7C7}"
EndProject
Global
	GlobalSection(SolutionConfigurationPlatforms) = preSolution
		Debug|x64 = Debug|x64
		Debug|x86 = Debug|x86
		Release|x64 = Release|x64
		Release|x86 = Release|x86
	EndGlobalSection
	GlobalSection(ProjectConfigurationPlatforms) = postSolution
		{EB240092-47DD-44EC-A696-EE6A89A1F767}.Debug|x64.ActiveCfg = Debug|x64
		{EB240092-47DD-44EC-A696-EE6A89A1F767}.Debug|x64.Build.0 = Debug|x64
		{EB240092-47DD-44EC-A696-EE6A89A1F767}.Debug|x86.ActiveCfg = Debug|Win32
		{EB240092-47DD-44EC-A696-EE6A89A1F767}.Debug|x86.Build.0 = Debug|Win32
		{EB240092-47DD-44EC-A696-EE6A89A1F767}.Release|x64.ActiveCfg = Release|x64
		{EB240092-47DD-44EC-A696-EE6A89A1F767}.Release|x64.Build.0 = Release|x64
		{EB240092-47DD-44EC-A696-EE6A89A1F767}.Release|x86.ActiveCfg = Release|Win32
		{EB240092-47DD-44EC-A696-EE6A89A1F767}.Release|x86.Build.0 = Release|Win32
		{81399453-1A5D-41EE-8E4E-49263175218A}.Debug|x64.ActiveCfg = Debug|x64
		{81399453-1A5D-41EE-8E4E-49263175218A}.Debug|x64.Build.0 = Debug|x64
		{81399453-1A5D-41EE-8E4E-49263175218A}.Debug|x86.ActiveCfg = Debug|Win32
		{81399453-1A5D-41EE-8E4E-49263175218A}.Debug|x86.Build.0 = Debug|Win32
		{81399453-1A5D-41EE-8E4E-49263175218A}.Release|x64.ActiveCfg = Release|x64
		{81399453-1A5D-41EE-8E4E-49263175218A}.Release|x64.Build.0 = Release|x64
		{81399453-1A5D-41EE-8E4E-49263175218A}.Release|x86.ActiveCfg = Release|Win32
		{81399453-1A5D-41EE-8E4E-49263175218A}.Release|x86.Build.0 = Release|Win32
		{EBACC612-E497-4B88-9142-6ABB8570BA45}.Debug|x64.ActiveCfg = Debug|x64
		{EBACC612-E497-4B88-9142-6ABB8570BA45}.Debug|x64.Build.0 = Debug|x64
		{EBACC612-E497-4B88-9142-6ABB8570BA45}.Debug|x86.ActiveCfg = Debug|Win32
		{EBACC612-E497-4B88-9142-6ABB8570BA45}.Debug|x86.Build.0 = Debug|Win32
		{EBACC612-E497-4B88-9142-6ABB8570BA45}.Release|x64.ActiveCfg = Release|x64
		{EBACC612-E497-4B88-9142-6ABB8570BA45}.Release|x64.Build.0 = Release|x64
		{EBACC612-E497-4B88-9142-6ABB8570BA45}.Release|x86.ActiveCfg = Release|Win32
		{EBACC612-E497-4B88-9142-6ABB8570BA45}.Release|x86.Build.0 = Release|Win32
		{609D69AE-C7C0-4195-BB38-825AA1B5885A}.Debug|x64.ActiveCfg = Debug|x64
		{609D69AE-C7C0-4195-BB38-825AA1B5885A}.Debug|x64.Build.0 = Debug|x64
		{609D69AE-C7C0-4195-BB38-825AA1B5885A}.Debug|x86.ActiveCfg = Debug|Win32
		{609D69AE-C7C0-4195-BB38-825AA1B5885A}.Debug|x86.Build.0 = Debug|Win32
		{609D69AE-C7C0-4195-BB38-825AA1B5885A}.Release|x64.ActiveCfg = Release|x64
		{609D69AE-C7C0-4195-BB38-825AA1B5885A}.Release|x64.Build.0 = Release|x64
		{609D69AE-C7C0-4195-BB38-825AA1B5885A}.Release|x86.ActiveCfg = Release|Win32
		{609D69AE-C7C0-4195-BB38-825AA1B5885A}.Release|x86.Build.0 = Release|Win32
		{DECF5776-2B35-4864-B364-F1ED8D3D68F7}.Debug|x64.ActiveCfg = Debug|x64
		{DECF5776-2B35-4864-B364-F1ED8D3D68F7}.Debug|x64.Build.0 = Debug|x64
		{DECF5776-2B35-4864-B364-F1ED8D3D68F7}.Debug|x86.ActiveCfg = Debug|Win32
		{DECF5776-2B35-4864-B364-F1ED8D3D68F7}.Debug|x86.Build.0 = Debug|Win32
		{DECF5776-2B35-4864-B364-F1ED8D3D68F7}.Release|x64.ActiveCfg = Release|x64
		{DECF5776-2B35-4864-B364-F1ED8D3D68F7}.Release|x64.Build.0 = Release|x64
		{DECF5776-2B35-4864-B364-F1ED8D3D68F7}.Release|x86.ActiveCfg = Release|Win32
		{DECF5776-2B35-4864-B364-F1ED8D3D68F7}.Release|x86.Build.0 = Release|Win32
		{E64E605C-17D5-4C23-8CF0-F2CFF5B7FED9}.Debug|x64.ActiveCfg = Debug|x64
		{E64E605C-17D5-4C23-8CF0-F2CFF5B7FED9}.Debug|x64.Build.0 = Debug|x64
		{E64E605C-17D5-4C23-8CF0-F2CFF5B7FED9}.Debug|x86.ActiveCfg = Debug|Win32
		{E64E605C-17D5-4C23-8CF0-F2CFF5B7FED9}.Debug|x86.Build.0 = Debug|Win32
		{E64E605C-17D5-4C23-8CF0-F2CFF5B7FED9}.Release|x64.ActiveCfg = Release|x64
		{E64E605C-17D5-4C23-8CF0-F2CFF5B7FED9}.Release|x64.Build.0 = Release|x64
		{E64E605C-17D5-4C23-8CF0-F2CFF5B7FED9}.Release|x86.ActiveCfg = Release|Win32
		{E64E605C-17D5-4C23-8CF0-F2CFF5B7FED9}.Release|x86.Build.0 = Release|Win32
		{E76F1DCE-7044-40AD-B32C-9301148CA258}.Debug|x64.ActiveCfg = Debug|x64
		{E76F1DCE-7044-40AD-B32C-9301148CA258}.Debug|x64.Build.0 = Debug|x64
		{E76F1DCE-7044-40AD-B32C-9301148CA258}.Debug|x86.ActiveCfg = Debug|Win32
		{E76F1DCE-7044-40AD-B32C-9301148CA258}.Debug|x86.Build.0 = Debug|Win32
		{E76F1DCE-7044-40AD-B32C-9301148CA258}.Release|x64.ActiveCfg = Release|x64
		{E76F1DCE-7044-40AD-B32C-9301148CA258}.Release|x64.Build.0 = Release|x64
		{E76F1DCE-7044-40AD-B32C-9301148CA258}.Release|x86.ActiveCfg = Release|Win32
		{E76F1DCE-7044-40AD-B32C-9301148CA258}.Release|x86.Build.0 = Release|Win32
		{20007D6A-65ED-4ED1-B6A0-9E62A7EC73F9}.Debug|x64.ActiveCfg = Debug|x64
		{20007D6A-65ED-4ED1-B6A0-9E62A7EC73F9}.Debug|x64.Build.0 = Debug|x64
		{20007D6A-65ED-4ED1-B6A0-9E62A7EC73F9}.Debug|x86.ActiveCfg = Debug|Win32
		{20007D6A-65ED-4ED1-B6A0-9E62A7EC73F9}.Debug|x86.Build.0 = Debug|Win32
		{20007D6A-65ED-4ED1-B6A0-9E62A7EC73F9}.Release|x64.ActiveCfg = Release|x64
		{20007D6A-65ED-4ED1-B6A0-9E62A7EC73F9}.Release|x64.Build.0 = Release|x64
		{20007D6A-65ED-4ED1-B6A0-9E62A7EC73F9}.Release|x86.ActiveCfg = Release|Win32
		{20007D6A-65ED-4ED1-B6A0-9E62A7EC73F9}.Release|x86.Build.0 = Release|Win32
		{E9A45435-5C4F-4630-8C91-EDA3A07D5C8F}.Debug|x64.ActiveCfg = Debug|x64
		{E9A45435-5C4F-4630-8C91-EDA3A07D5C8F}.Debug|x64.Build.0 = Debug|x64
		{E9A45435-5C4F-4630-8C91-EDA3A07D5C8F}.Debug|x86.ActiveCfg = Debug|Win32
		{E9A45435-5C4F-4630-8C91-EDA3A07D5C8F}.Debug|x86.Build.0 = Debug|Win32
		{E9A45435-5C4F-4630-8C91-EDA3A07D5C8F}.Release|x64.ActiveCfg = Release|x64
		{E9A45435-5C4F-4630-8C91-EDA3A07D5C8F}.Release|x64.Build.0 = Release|x64
		{E9A45435-5C4F-4630-8C91-EDA3A07D5C8F}.Release|x86.ActiveCfg = Release|Win32
		{E9A45435-5C4F-4630-8C91-EDA3A07D5C8F}.Release|x86.Build.0 = Release|Win32
		{451AB02F-E656-4454-9778-5B9BAA650EDE}.Debug|x64.ActiveCfg = Debug|x64
		{451AB02F-E656-4454-9778-5B9BAA650EDE}.Debug|x64.Build.0 = Debug|x64
		{451AB02F-E656-4454-9778-5B9BAA650EDE}.Debug|x86.ActiveCfg = Debug|Win32
		{451AB02F-E656-4454-9778-5B9BAA650EDE}.Debug|x86.Build.0 = Debug|Win32
		{451AB02F-E656-4454-9778-5B9BAA650EDE}.Release|x64.ActiveCfg = Release|x64
		{451AB02F-E656-4454-9778-5B9BAA650EDE}.Release|x64.Build.0 = Release|x64
		{451AB02F-E656-4454-9778-5B9BAA650EDE}.Release|x86.ActiveCfg = Release|Win32
		{451AB02F-E656-4454-9778-5B9BAA650EDE}.Release|x86.Build.0 = Release|Win32
		{D2B9D9D8-CAB8-4F78-B6DF-6B477F9F0101}.Debug|x64.ActiveCfg = Debug|x64
		{D2B9D9D8-CAB8-4F78-B6DF-6B477F9F0101}.Debug|x64.Build.0 = Debug|x64
		{D2B9D9D8-CAB8-4F78-B6DF-6B477F9F0101}.Debug|x86.ActiveCfg = Debug|Win32
		{D2B9D9D8-CAB8-4F78-B6DF-6B477F9F0101}.Debug|x86.Build.0 = Debug|Win32
		{D2B9D9D8-CAB8-4F78-B6DF-6B477F9F0101}.Release|x64.ActiveCfg = Release|x64
		{D2B9D9D8-CAB8-4F78-B6DF-6B477F9F0101}.Release|x64.Build.0 = Release|x64
		{D2B9D9D8-CAB8-4F78-B6DF-6B477F9F0101}.Release|x86.ActiveCfg = Release|Win32
		{D2B9D9D8-CAB8-4F78-B6DF-6B477F9F0101}.Release|x86.Build.0 = Release|Win32
		{75407366-8D2F-4B20-A5BD-ABCD1CBEC7C7}.Debug|x64.ActiveCfg = Debug|x64
		{75407366-8D2F-4B20-A5BD-ABCD1CBEC7C7}.Debug|x64.Build.0 = Debug|x64
		{75407366-8D2F-4B20-A5BD-ABCD1CBEC7C7}.Debug|x86.ActiveCfg = Debug|Win32
		{75407366-8D2F-4B20-A5BD-ABCD1CBEC7C7}.Debug|x86.Build.0 = Debug|Win32
		{75407366-8D2F-4B20-A5BD-ABCD1CBEC7C7}.Release|x64.ActiveCfg = Release|x64
		{75407366-8D2F-4B20-A5BD-ABCD1CBEC7C7}.Release|x64.Build.0 = Release|x64
		{75407366-8D2F-4B20-A5BD-ABCD1CBEC7C7}.Release|x86.ActiveCfg = Release|Win32
		{75407366-8D2F-4B20-A5BD-ABCD1CBEC7C7}.Release|x86.Build.0 = Release|Win32
	EndGlobalSection
	GlobalSection(SolutionProperties) = preSolution
		HideSolutionNode = FALSE
	EndGlobalSection
	GlobalSection(ExtensibilityGlobals) = postSolution
		SolutionGuid = {EF92F664-AA06-4C8D-9CFA-407F7B56DB07}
	EndGlobalSection
EndGlobal
